
Microsoft Visual Studio Solution File, Format Version 12.00
# Visual Studio Version 17
VisualStudioVersion = 17.14.37203.1 d17.14
MinimumVisualStudioVersion = 10.0.40219.1
Project("{FAE04EC0-301F-11D3-BF4B-00C04F79EFBC}") = "Ej02_PrimosDivisibilidad", "Ej02_PrimosDivisibilidad.csproj", "{505ADB8F-19C3-4FA5-8DF8-D2036A7EBF38}"
EndProject
Global
	GlobalSection(SolutionConfigurationPlatforms) = preSolution
		Debug|Any CPU = Debug|Any CPU
		Release|Any CPU = Release|Any CPU
	EndGlobalSection
	GlobalSection(ProjectConfigurationPlatforms) = postSolution
		{505ADB8F-19C3-4FA5-8DF8-D2036A7EBF38}.Debug|Any CPU.ActiveCfg = Debug|Any CPU
		{505ADB8F-19C3-4FA5-8DF8-D2036A7EBF38}.Debug|Any CPU.Build.0 = Debug|Any CPU
		{505ADB8F-19C3-4FA5-8DF8-D2036A7EBF38}.Release|Any CPU.ActiveCfg = Release|Any CPU
		{505ADB8F-19C3-4FA5-8DF8-D2036A7EBF38}.Release|Any CPU.Build.0 = Release|Any CPU
	EndGlobalSection
	GlobalSection(SolutionProperties) = preSolution
		HideSolutionNode = FALSE
	EndGlobalSection
	GlobalSection(ExtensibilityGlobals) = postSolution
		SolutionGuid = {E81252C9-842A-4D21-BD69-ECA2E8619976}
	EndGlobalSection
EndGlobal
